
Microsoft Visual Studio Solution File, Format Version 12.00
# Visual Studio Version 17
VisualStudioVersion = 17.0.31903.59
MinimumVisualStudioVersion = 10.0.40219.1
Project("{2150E333-8FDC-42A3-9474-1A3956D46DE8}") = "src", "src", "{827E0CD3-B72D-47B6-A68D-7590B98EB39B}"
EndProject
Project("{FAE04EC0-301F-11D3-BF4B-00C04F79EFBC}") = "Migration.Domain", "src\Migration.Domain\Migration.Domain.csproj", "{725AC007-60E2-4EC2-BAF6-03004BBA7001}"
EndProject
Project("{FAE04EC0-301F-11D3-BF4B-00C04F79EFBC}") = "Migration.Application", "src\Migration.Application\Migration.Application.csproj", "{9EEDDE35-8BF3-4932-AF4B-C1F93D5EA10C}"
EndProject
Project("{FAE04EC0-301F-11D3-BF4B-00C04F79EFBC}") = "Migration.Infrastructure", "src\Migration.Infrastructure\Migration.Infrastructure.csproj", "{699FA38C-B7B9-4D91-9E8F-CEA03B98AE84}"
EndProject
Project("{FAE04EC0-301F-11D3-BF4B-00C04F79EFBC}") = "Migration.Web", "src\Migration.Web\Migration.Web.csproj", "{5DB82AFD-FD6A-46B7-A2CA-94D61181B01A}"
EndProject
Global
	GlobalSection(SolutionConfigurationPlatforms) = preSolution
		Debug|Any CPU = Debug|Any CPU
		Debug|x64 = Debug|x64
		Debug|x86 = Debug|x86
		Release|Any CPU = Release|Any CPU
		Release|x64 = Release|x64
		Release|x86 = Release|x86
	EndGlobalSection
	GlobalSection(ProjectConfigurationPlatforms) = postSolution
		{725AC007-60E2-4EC2-BAF6-03004BBA7001}.Debug|Any CPU.ActiveCfg = Debug|Any CPU
		{725AC007-60E2-4EC2-BAF6-03004BBA7001}.Debug|Any CPU.Build.0 = Debug|Any CPU
		{725AC007-60E2-4EC2-BAF6-03004BBA7001}.Debug|x64.ActiveCfg = Debug|Any CPU
		{725AC007-60E2-4EC2-BAF6-03004BBA7001}.Debug|x64.Build.0 = Debug|Any CPU
		{725AC007-60E2-4EC2-BAF6-03004BBA7001}.Debug|x86.ActiveCfg = Debug|Any CPU
		{725AC007-60E2-4EC2-BAF6-03004BBA7001}.Debug|x86.Build.0 = Debug|Any CPU
		{725AC007-60E2-4EC2-BAF6-03004BBA7001}.Release|Any CPU.ActiveCfg = Release|Any CPU
		{725AC007-60E2-4EC2-BAF6-03004BBA7001}.Release|Any CPU.Build.0 = Release|Any CPU
		{725AC007-60E2-4EC2-BAF6-03004BBA7001}.Release|x64.ActiveCfg = Release|Any CPU
		{725AC007-60E2-4EC2-BAF6-03004BBA7001}.Release|x64.Build.0 = Release|Any CPU
		{725AC007-60E2-4EC2-BAF6-03004BBA7001}.Release|x86.ActiveCfg = Release|Any CPU
		{725AC007-60E2-4EC2-BAF6-03004BBA7001}.Release|x86.Build.0 = Release|Any CPU
		{9EEDDE35-8BF3-4932-AF4B-C1F93D5EA10C}.Debug|Any CPU.ActiveCfg = Debug|Any CPU
		{9EEDDE35-8BF3-4932-AF4B-C1F93D5EA10C}.Debug|Any CPU.Build.0 = Debug|Any CPU
		{9EEDDE35-8BF3-4932-AF4B-C1F93D5EA10C}.Debug|x64.ActiveCfg = Debug|Any CPU
		{9EEDDE35-8BF3-4932-AF4B-C1F93D5EA10C}.Debug|x64.Build.0 = Debug|Any CPU
		{9EEDDE35-8BF3-4932-AF4B-C1F93D5EA10C}.Debug|x86.ActiveCfg = Debug|Any CPU
		{9EEDDE35-8BF3-4932-AF4B-C1F93D5EA10C}.Debug|x86.Build.0 = Debug|Any CPU
		{9EEDDE35-8BF3-4932-AF4B-C1F93D5EA10C}.Release|Any CPU.ActiveCfg = Release|Any CPU
		{9EEDDE35-8BF3-4932-AF4B-C1F93D5EA10C}.Release|Any CPU.Build.0 = Release|Any CPU
		{9EEDDE35-8BF3-4932-AF4B-C1F93D5EA10C}.Release|x64.ActiveCfg = Release|Any CPU
		{9EEDDE35-8BF3-4932-AF4B-C1F93D5EA10C}.Release|x64.Build.0 = Release|Any CPU
		{9EEDDE35-8BF3-4932-AF4B-C1F93D5EA10C}.Release|x86.ActiveCfg = Release|Any CPU
		{9EEDDE35-8BF3-4932-AF4B-C1F93D5EA10C}.Release|x86.Build.0 = Release|Any CPU
		{699FA38C-B7B9-4D91-9E8F-CEA03B98AE84}.Debug|Any CPU.ActiveCfg = Debug|Any CPU
		{699FA38C-B7B9-4D91-9E8F-CEA03B98AE84}.Debug|Any CPU.Build.0 = Debug|Any CPU
		{699FA38C-B7B9-4D91-9E8F-CEA03B98AE84}.Debug|x64.ActiveCfg = Debug|Any CPU
		{699FA38C-B7B9-4D91-9E8F-CEA03B98AE84}.Debug|x64.Build.0 = Debug|Any CPU
		{699FA38C-B7B9-4D91-9E8F-CEA03B98AE84}.Debug|x86.ActiveCfg = Debug|Any CPU
		{699FA38C-B7B9-4D91-9E8F-CEA03B98AE84}.Debug|x86.Build.0 = Debug|Any CPU
		{699FA38C-B7B9-4D91-9E8F-CEA03B98AE84}.Release|Any CPU.ActiveCfg = Release|Any CPU
		{699FA38C-B7B9-4D91-9E8F-CEA03B98AE84}.Release|Any CPU.Build.0 = Release|Any CPU
		{699FA38C-B7B9-4D91-9E8F-CEA03B98AE84}.Release|x64.ActiveCfg = Release|Any CPU
		{699FA38C-B7B9-4D91-9E8F-CEA03B98AE84}.Release|x64.Build.0 = Release|Any CPU
		{699FA38C-B7B9-4D91-9E8F-CEA03B98AE84}.Release|x86.ActiveCfg = Release|Any CPU
		{699FA38C-B7B9-4D91-9E8F-CEA03B98AE84}.Release|x86.Build.0 = Release|Any CPU
		{5DB82AFD-FD6A-46B7-A2CA-94D61181B01A}.Debug|Any CPU.ActiveCfg = Debug|Any CPU
		{5DB82AFD-FD6A-46B7-A2CA-94D61181B01A}.Debug|Any CPU.Build.0 = Debug|Any CPU
		{5DB82AFD-FD6A-46B7-A2CA-94D61181B01A}.Debug|x64.ActiveCfg = Debug|Any CPU
		{5DB82AFD-FD6A-46B7-A2CA-94D61181B01A}.Debug|x64.Build.0 = Debug|Any CPU
		{5DB82AFD-FD6A-46B7-A2CA-94D61181B01A}.Debug|x86.ActiveCfg = Debug|Any CPU
		{5DB82AFD-FD6A-46B7-A2CA-94D61181B01A}.Debug|x86.Build.0 = Debug|Any CPU
		{5DB82AFD-FD6A-46B7-A2CA-94D61181B01A}.Release|Any CPU.ActiveCfg = Release|Any CPU
		{5DB82AFD-FD6A-46B7-A2CA-94D61181B01A}.Release|Any CPU.Build.0 = Release|Any CPU
		{5DB82AFD-FD6A-46B7-A2CA-94D61181B01A}.Release|x64.ActiveCfg = Release|Any CPU
		{5DB82AFD-FD6A-46B7-A2CA-94D61181B01A}.Release|x64.Build.0 = Release|Any CPU
		{5DB82AFD-FD6A-46B7-A2CA-94D61181B01A}.Release|x86.ActiveCfg = Release|Any CPU
		{5DB82AFD-FD6A-46B7-A2CA-94D61181B01A}.Release|x86.Build.0 = Release|Any CPU
	EndGlobalSection
	GlobalSection(SolutionProperties) = preSolution
		HideSolutionNode = FALSE
	EndGlobalSection
	GlobalSection(NestedProjects) = preSolution
		{725AC007-60E2-4EC2-BAF6-03004BBA7001} = {827E0CD3-B72D-47B6-A68D-7590B98EB39B}
		{9EEDDE35-8BF3-4932-AF4B-C1F93D5EA10C} = {827E0CD3-B72D-47B6-A68D-7590B98EB39B}
		{699FA38C-B7B9-4D91-9E8F-CEA03B98AE84} = {827E0CD3-B72D-47B6-A68D-7590B98EB39B}
		{5DB82AFD-FD6A-46B7-A2CA-94D61181B01A} = {827E0CD3-B72D-47B6-A68D-7590B98EB39B}
	EndGlobalSection
EndGlobal
